
Microsoft Visual Studio Solution File, Format Version 12.00
# Visual Studio Version 17
VisualStudioVersion = 17.0.31903.59
MinimumVisualStudioVersion = 10.0.40219.1
Project("{2150E333-8FDC-42A3-9474-1A3956D46DE8}") = "BLL", "BLL", "{C62B54B7-11F7-46F4-9AB1-F1AA4537EF74}"
EndProject
Project("{2150E333-8FDC-42A3-9474-1A3956D46DE8}") = "DAL", "DAL", "{B5BC85F5-AE7D-40F0-B141-4368DCF3697F}"
EndProject
Project("{2150E333-8FDC-42A3-9474-1A3956D46DE8}") = "COMMON", "COMMON", "{6A5D85C8-5053-41AB-ABEF-CD85A95D386C}"
EndProject
Project("{2150E333-8FDC-42A3-9474-1A3956D46DE8}") = "Presentation Layers", "Presentation Layers", "{E8AC44CC-0D30-4C51-9369-6B861A6F1A1D}"
EndProject
Project("{9A19103F-16F7-4668-BE54-9A1E7A4F7556}") = "Diary_Project.DAL.Contracts", "Diary_Project.DAL.Contracts\Diary_Project.DAL.Contracts.csproj", "{BC0C90BA-9EC8-457F-906E-02CB20C639FF}"
EndProject
Project("{9A19103F-16F7-4668-BE54-9A1E7A4F7556}") = "Diary_Project.DAL", "Diary_Project.DAL\Diary_Project.DAL.csproj", "{0ABD8B8D-7CB0-4B50-9848-7A5CC804995B}"
EndProject
Project("{9A19103F-16F7-4668-BE54-9A1E7A4F7556}") = "Diary_Project.COMMON", "Diary_Project.COMMON\Diary_Project.COMMON.csproj", "{72B412EF-6C43-46EA-AE99-528A9AB3EC5A}"
EndProject
Project("{9A19103F-16F7-4668-BE54-9A1E7A4F7556}") = "Diary_Project.BLL", "Diary_Project.BLL\Diary_Project.BLL.csproj", "{33491A73-DAB8-452E-B5B8-34F06EA79A83}"
EndProject
Project("{9A19103F-16F7-4668-BE54-9A1E7A4F7556}") = "Diary_Project.BLL.Contracts", "Diary_Project.BLL.Contracts\Diary_Project.BLL.Contracts.csproj", "{923A146B-2EA9-48DD-838A-FE4C7B0E6887}"
EndProject
Project("{FAE04EC0-301F-11D3-BF4B-00C04F79EFBC}") = "ApiAuth", "ApiAuth\ApiAuth.csproj", "{5D369AA4-66C6-4D1B-84DB-24FC00803A11}"
EndProject
Global
	GlobalSection(SolutionConfigurationPlatforms) = preSolution
		Debug|Any CPU = Debug|Any CPU
		Release|Any CPU = Release|Any CPU
	EndGlobalSection
	GlobalSection(ProjectConfigurationPlatforms) = postSolution
		{BC0C90BA-9EC8-457F-906E-02CB20C639FF}.Debug|Any CPU.ActiveCfg = Debug|Any CPU
		{BC0C90BA-9EC8-457F-906E-02CB20C639FF}.Debug|Any CPU.Build.0 = Debug|Any CPU
		{BC0C90BA-9EC8-457F-906E-02CB20C639FF}.Release|Any CPU.ActiveCfg = Release|Any CPU
		{BC0C90BA-9EC8-457F-906E-02CB20C639FF}.Release|Any CPU.Build.0 = Release|Any CPU
		{0ABD8B8D-7CB0-4B50-9848-7A5CC804995B}.Debug|Any CPU.ActiveCfg = Debug|Any CPU
		{0ABD8B8D-7CB0-4B50-9848-7A5CC804995B}.Debug|Any CPU.Build.0 = Debug|Any CPU
		{0ABD8B8D-7CB0-4B50-9848-7A5CC804995B}.Release|Any CPU.ActiveCfg = Release|Any CPU
		{0ABD8B8D-7CB0-4B50-9848-7A5CC804995B}.Release|Any CPU.Build.0 = Release|Any CPU
		{72B412EF-6C43-46EA-AE99-528A9AB3EC5A}.Debug|Any CPU.ActiveCfg = Debug|Any CPU
		{72B412EF-6C43-46EA-AE99-528A9AB3EC5A}.Debug|Any CPU.Build.0 = Debug|Any CPU
		{72B412EF-6C43-46EA-AE99-528A9AB3EC5A}.Release|Any CPU.ActiveCfg = Release|Any CPU
		{72B412EF-6C43-46EA-AE99-528A9AB3EC5A}.Release|Any CPU.Build.0 = Release|Any CPU
		{33491A73-DAB8-452E-B5B8-34F06EA79A83}.Debug|Any CPU.ActiveCfg = Debug|Any CPU
		{33491A73-DAB8-452E-B5B8-34F06EA79A83}.Debug|Any CPU.Build.0 = Debug|Any CPU
		{33491A73-DAB8-452E-B5B8-34F06EA79A83}.Release|Any CPU.ActiveCfg = Release|Any CPU
		{33491A73-DAB8-452E-B5B8-34F06EA79A83}.Release|Any CPU.Build.0 = Release|Any CPU
		{923A146B-2EA9-48DD-838A-FE4C7B0E6887}.Debug|Any CPU.ActiveCfg = Debug|Any CPU
		{923A146B-2EA9-48DD-838A-FE4C7B0E6887}.Debug|Any CPU.Build.0 = Debug|Any CPU
		{923A146B-2EA9-48DD-838A-FE4C7B0E6887}.Release|Any CPU.ActiveCfg = Release|Any CPU
		{923A146B-2EA9-48DD-838A-FE4C7B0E6887}.Release|Any CPU.Build.0 = Release|Any CPU
		{5D369AA4-66C6-4D1B-84DB-24FC00803A11}.Debug|Any CPU.ActiveCfg = Debug|Any CPU
		{5D369AA4-66C6-4D1B-84DB-24FC00803A11}.Debug|Any CPU.Build.0 = Debug|Any CPU
		{5D369AA4-66C6-4D1B-84DB-24FC00803A11}.Release|Any CPU.ActiveCfg = Release|Any CPU
		{5D369AA4-66C6-4D1B-84DB-24FC00803A11}.Release|Any CPU.Build.0 = Release|Any CPU
	EndGlobalSection
	GlobalSection(SolutionProperties) = preSolution
		HideSolutionNode = FALSE
	EndGlobalSection
	GlobalSection(NestedProjects) = preSolution
		{BC0C90BA-9EC8-457F-906E-02CB20C639FF} = {B5BC85F5-AE7D-40F0-B141-4368DCF3697F}
		{0ABD8B8D-7CB0-4B50-9848-7A5CC804995B} = {B5BC85F5-AE7D-40F0-B141-4368DCF3697F}
		{72B412EF-6C43-46EA-AE99-528A9AB3EC5A} = {6A5D85C8-5053-41AB-ABEF-CD85A95D386C}
		{33491A73-DAB8-452E-B5B8-34F06EA79A83} = {C62B54B7-11F7-46F4-9AB1-F1AA4537EF74}
		{923A146B-2EA9-48DD-838A-FE4C7B0E6887} = {C62B54B7-11F7-46F4-9AB1-F1AA4537EF74}
		{5D369AA4-66C6-4D1B-84DB-24FC00803A11} = {E8AC44CC-0D30-4C51-9369-6B861A6F1A1D}
	EndGlobalSection
	GlobalSection(ExtensibilityGlobals) = postSolution
		SolutionGuid = {74D58E5B-983E-4B49-8A11-D45A36745A8E}
	EndGlobalSection
EndGlobal
